
Microsoft Visual Studio Solution File, Format Version 12.00
# Visual Studio 15
VisualStudioVersion = 15.0.27703.2035
MinimumVisualStudioVersion = 10.0.40219.1
Project("{FAE04EC0-301F-11D3-BF4B-00C04F79EFBC}") = "AspnCore_Licao", "AspnCore_Licao\AspnCore_Licao.csproj", "{F19C53E1-C94E-4FD3-8922-746914506906}"
EndProject
Global
	GlobalSection(SolutionConfigurationPlatforms) = preSolution
		Debug|Any CPU = Debug|Any CPU
		Release|Any CPU = Release|Any CPU
	EndGlobalSection
	GlobalSection(ProjectConfigurationPlatforms) = postSolution
		{F19C53E1-C94E-4FD3-8922-746914506906}.Debug|Any CPU.ActiveCfg = Debug|Any CPU
		{F19C53E1-C94E-4FD3-8922-746914506906}.Debug|Any CPU.Build.0 = Debug|Any CPU
		{F19C53E1-C94E-4FD3-8922-746914506906}.Release|Any CPU.ActiveCfg = Release|Any CPU
		{F19C53E1-C94E-4FD3-8922-746914506906}.Release|Any CPU.Build.0 = Release|Any CPU
	EndGlobalSection
	GlobalSection(SolutionProperties) = preSolution
		HideSolutionNode = FALSE
	EndGlobalSection
	GlobalSection(ExtensibilityGlobals) = postSolution
		SolutionGuid = {F77E23B0-419C-4B56-B49F-2C5507C6E836}
	EndGlobalSection
EndGlobal
